# THIS IS AN AUTOGENERATED FILE. DO NOT EDIT THIS FILE DIRECTLY.
# yarn lockfile v1


bs-platform@^4.0.6:
  version "4.0.7"
  resolved "https://registry.yarnpkg.com/bs-platform/-/bs-platform-4.0.7.tgz#1a0bbf0fef439fef5f1a88ba60d5ac8a6d73570c"

"js-tokens@^3.0.0 || ^4.0.0":
  version "4.0.0"
  resolved "https://registry.yarnpkg.com/js-tokens/-/js-tokens-4.0.0.tgz#19203fb59991df98e3a287050d4647cdeaf32499"

loose-envify@^1.1.0, loose-envify@^1.3.1:
  version "1.4.0"
  resolved "https://registry.yarnpkg.com/loose-envify/-/loose-envify-1.4.0.tgz#71ee51fa7be4caec1a63839f7e682d8132d30caf"
  dependencies:
    js-tokens "^3.0.0 || ^4.0.0"

object-assign@^4.1.1:
  version "4.1.1"
  resolved "https://registry.yarnpkg.com/object-assign/-/object-assign-4.1.1.tgz#2109adc7965887cfc05cbbd442cac8bfbb360863"

prop-types@^15.6.2:
  version "15.6.2"
  resolved "https://registry.yarnpkg.com/prop-types/-/prop-types-15.6.2.tgz#05d5ca77b4453e985d60fc7ff8c859094a497102"
  dependencies:
    loose-envify "^1.3.1"
    object-assign "^4.1.1"

react-dom@16.7.0-alpha.0:
  version "16.7.0-alpha.0"
  resolved "https://registry.yarnpkg.com/react-dom/-/react-dom-16.7.0-alpha.0.tgz#8379158d4c76d63c989f325f45dfa5762582584f"
  dependencies:
    loose-envify "^1.1.0"
    object-assign "^4.1.1"
    prop-types "^15.6.2"
    scheduler "^0.11.0-alpha.0"

react@16.7.0-alpha.0:
  version "16.7.0-alpha.0"
  resolved "https://registry.yarnpkg.com/react/-/react-16.7.0-alpha.0.tgz#e2ed4abe6f268c9b092a1d1e572953684d1783a9"
  dependencies:
    loose-envify "^1.1.0"
    object-assign "^4.1.1"
    prop-types "^15.6.2"
    scheduler "^0.11.0-alpha.0"

scheduler@^0.11.0-alpha.0:
  version "0.11.0"
  resolved "https://registry.yarnpkg.com/scheduler/-/scheduler-0.11.0.tgz#def1f1bfa6550cc57981a87106e65e8aea41a6b5"
  dependencies:
    loose-envify "^1.1.0"
    object-assign "^4.1.1"
